// !$*UTF8*$!
{
	archiveVersion = 1;
	classes = {
	};
	objectVersion = 50;
	objects = {

/* Begin PBXBuildFile section */
		7E2688AB2582F2B2002751B3 /* ComakershipsAppApp.swift in Sources */ = {isa = PBXBuildFile; fileRef = 7E2688AA2582F2B2002751B3 /* ComakershipsAppApp.swift */; };
		7E2688AD2582F2B2002751B3 /* ContentView.swift in Sources */ = {isa = PBXBuildFile; fileRef = 7E2688AC2582F2B2002751B3 /* ContentView.swift */; };
		7E2688AF2582F2B3002751B3 /* Assets.xcassets in Resources */ = {isa = PBXBuildFile; fileRef = 7E2688AE2582F2B3002751B3 /* Assets.xcassets */; };
		7E2688B22582F2B3002751B3 /* Preview Assets.xcassets in Resources */ = {isa = PBXBuildFile; fileRef = 7E2688B12582F2B3002751B3 /* Preview Assets.xcassets */; };
		7E2688BD2582F2B3002751B3 /* ComakershipsAppTests.swift in Sources */ = {isa = PBXBuildFile; fileRef = 7E2688BC2582F2B3002751B3 /* ComakershipsAppTests.swift */; };
		7E2688C82582F2B3002751B3 /* ComakershipsAppUITests.swift in Sources */ = {isa = PBXBuildFile; fileRef = 7E2688C72582F2B3002751B3 /* ComakershipsAppUITests.swift */; };
/* End PBXBuildFile section */

/* Begin PBXContainerItemProxy section */
		7E2688B92582F2B3002751B3 /* PBXContainerItemProxy */ = {
			isa = PBXContainerItemProxy;
			containerPortal = 7E26889F2582F2B2002751B3 /* Project object */;
			proxyType = 1;
			remoteGlobalIDString = 7E2688A62582F2B2002751B3;
			remoteInfo = ComakershipsApp;
		};
		7E2688C42582F2B3002751B3 /* PBXContainerItemProxy */ = {
			isa = PBXContainerItemProxy;
			containerPortal = 7E26889F2582F2B2002751B3 /* Project object */;
			proxyType = 1;
			remoteGlobalIDString = 7E2688A62582F2B2002751B3;
			remoteInfo = ComakershipsApp;
		};
/* End PBXContainerItemProxy section */

/* Begin PBXFileReference section */
		7E2688A72582F2B2002751B3 /* ComakershipsApp.app */ = {isa = PBXFileReference; explicitFileType = wrapper.application; includeInIndex = 0; path = ComakershipsApp.app; sourceTree = BUILT_PRODUCTS_DIR; };
		7E2688AA2582F2B2002751B3 /* ComakershipsAppApp.swift */ = {isa = PBXFileReference; lastKnownFileType = sourcecode.swift; path = ComakershipsAppApp.swift; sourceTree = "<group>"; };
		7E2688AC2582F2B2002751B3 /* ContentView.swift */ = {isa = PBXFileReference; lastKnownFileType = sourcecode.swift; path = ContentView.swift; sourceTree = "<group>"; };
		7E2688AE2582F2B3002751B3 /* Assets.xcassets */ = {isa = PBXFileReference; lastKnownFileType = folder.assetcatalog; path = Assets.xcassets; sourceTree = "<group>"; };
		7E2688B12582F2B3002751B3 /* Preview Assets.xcassets */ = {isa = PBXFileReference; lastKnownFileType = folder.assetcatalog; path = "Preview Assets.xcassets"; sourceTree = "<group>"; };
		7E2688B32582F2B3002751B3 /* Info.plist */ = {isa = PBXFileReference; lastKnownFileType = text.plist.xml; path = Info.plist; sourceTree = "<group>"; };
		7E2688B82582F2B3002751B3 /* ComakershipsAppTests.xctest */ = {isa = PBXFileReference; explicitFileType = wrapper.cfbundle; includeInIndex = 0; path = ComakershipsAppTests.xctest; sourceTree = BUILT_PRODUCTS_DIR; };
		7E2688BC2582F2B3002751B3 /* ComakershipsAppTests.swift */ = {isa = PBXFileReference; lastKnownFileType = sourcecode.swift; path = ComakershipsAppTests.swift; sourceTree = "<group>"; };
		7E2688BE2582F2B3002751B3 /* Info.plist */ = {isa = PBXFileReference; lastKnownFileType = text.plist.xml; path = Info.plist; sourceTree = "<group>"; };
		7E2688C32582F2B3002751B3 /* ComakershipsAppUITests.xctest */ = {isa = PBXFileReference; explicitFileType = wrapper.cfbundle; includeInIndex = 0; path = ComakershipsAppUITests.xctest; sourceTree = BUILT_PRODUCTS_DIR; };
		7E2688C72582F2B3002751B3 /* ComakershipsAppUITests.swift */ = {isa = PBXFileReference; lastKnownFileType = sourcecode.swift; path = ComakershipsAppUITests.swift; sourceTree = "<group>"; };
		7E2688C92582F2B3002751B3 /* Info.plist */ = {isa = PBXFileReference; lastKnownFileType = text.plist.xml; path = Info.plist; sourceTree = "<group>"; };
/* End PBXFileReference section */

/* Begin PBXFrameworksBuildPhase section */
		7E2688A42582F2B2002751B3 /* Frameworks */ = {
			isa = PBXFrameworksBuildPhase;
			buildActionMask = 2147483647;
			files = (
			);
			runOnlyForDeploymentPostprocessing = 0;
		};
		7E2688B52582F2B3002751B3 /* Frameworks */ = {
			isa = PBXFrameworksBuildPhase;
			buildActionMask = 2147483647;
			files = (
			);
			runOnlyForDeploymentPostprocessing = 0;
		};
		7E2688C02582F2B3002751B3 /* Frameworks */ = {
			isa = PBXFrameworksBuildPhase;
			buildActionMask = 2147483647;
			files = (
			);
			runOnlyForDeploymentPostprocessing = 0;
		};
/* End PBXFrameworksBuildPhase section */

/* Begin PBXGroup section */
		7E26889E2582F2B2002751B3 = {
			isa = PBXGroup;
			children = (
				7E2688A92582F2B2002751B3 /* ComakershipsApp */,
				7E2688BB2582F2B3002751B3 /* ComakershipsAppTests */,
				7E2688C62582F2B3002751B3 /* ComakershipsAppUITests */,
				7E2688A82582F2B2002751B3 /* Products */,
			);
			sourceTree = "<group>";
		};
		7E2688A82582F2B2002751B3 /* Products */ = {
			isa = PBXGroup;
			children = (
				7E2688A72582F2B2002751B3 /* ComakershipsApp.app */,
				7E2688B82582F2B3002751B3 /* ComakershipsAppTests.xctest */,
				7E2688C32582F2B3002751B3 /* ComakershipsAppUITests.xctest */,
			);
			name = Products;
			sourceTree = "<group>";
		};
		7E2688A92582F2B2002751B3 /* ComakershipsApp */ = {
			isa = PBXGroup;
			children = (
				7E2688AA2582F2B2002751B3 /* ComakershipsAppApp.swift */,
				7E2688AC2582F2B2002751B3 /* ContentView.swift */,
				7E2688AE2582F2B3002751B3 /* Assets.xcassets */,
				7E2688B32582F2B3002751B3 /* Info.plist */,
				7E2688B02582F2B3002751B3 /* Preview Content */,
			);
			path = ComakershipsApp;
			sourceTree = "<group>";
		};
		7E2688B02582F2B3002751B3 /* Preview Content */ = {
			isa = PBXGroup;
			children = (
				7E2688B12582F2B3002751B3 /* Preview Assets.xcassets */,
			);
			path = "Preview Content";
			sourceTree = "<group>";
		};
		7E2688BB2582F2B3002751B3 /* ComakershipsAppTests */ = {
			isa = PBXGroup;
			children = (
				7E2688BC2582F2B3002751B3 /* ComakershipsAppTests.swift */,
				7E2688BE2582F2B3002751B3 /* Info.plist */,
			);
			path = ComakershipsAppTests;
			sourceTree = "<group>";
		};
		7E2688C62582F2B3002751B3 /* ComakershipsAppUITests */ = {
			isa = PBXGroup;
			children = (
				7E2688C72582F2B3002751B3 /* ComakershipsAppUITests.swift */,
				7E2688C92582F2B3002751B3 /* Info.plist */,
			);
			path = ComakershipsAppUITests;
			sourceTree = "<group>";
		};
/* End PBXGroup section */

/* Begin PBXNativeTarget section */
		7E2688A62582F2B2002751B3 /* ComakershipsApp */ = {
			isa = PBXNativeTarget;
			buildConfigurationList = 7E2688CC2582F2B3002751B3 /* Build configuration list for PBXNativeTarget "ComakershipsApp" */;
			buildPhases = (
				7E2688A32582F2B2002751B3 /* Sources */,
				7E2688A42582F2B2002751B3 /* Frameworks */,
				7E2688A52582F2B2002751B3 /* Resources */,
			);
			buildRules = (
			);
			dependencies = (
			);
			name = ComakershipsApp;
			productName = ComakershipsApp;
			productReference = 7E2688A72582F2B2002751B3 /* ComakershipsApp.app */;
			productType = "com.apple.product-type.application";
		};
		7E2688B72582F2B3002751B3 /* ComakershipsAppTests */ = {
			isa = PBXNativeTarget;
			buildConfigurationList = 7E2688CF2582F2B3002751B3 /* Build configuration list for PBXNativeTarget "ComakershipsAppTests" */;
			buildPhases = (
				7E2688B42582F2B3002751B3 /* Sources */,
				7E2688B52582F2B3002751B3 /* Frameworks */,
				7E2688B62582F2B3002751B3 /* Resources */,
			);
			buildRules = (
			);
			dependencies = (
				7E2688BA2582F2B3002751B3 /* PBXTargetDependency */,
			);
			name = ComakershipsAppTests;
			productName = ComakershipsAppTests;
			productReference = 7E2688B82582F2B3002751B3 /* ComakershipsAppTests.xctest */;
			productType = "com.apple.product-type.bundle.unit-test";
		};
		7E2688C22582F2B3002751B3 /* ComakershipsAppUITests */ = {
			isa = PBXNativeTarget;
			buildConfigurationList = 7E2688D22582F2B3002751B3 /* Build configuration list for PBXNativeTarget "ComakershipsAppUITests" */;
			buildPhases = (
				7E2688BF2582F2B3002751B3 /* Sources */,
				7E2688C02582F2B3002751B3 /* Frameworks */,
				7E2688C12582F2B3002751B3 /* Resources */,
			);
			buildRules = (
			);
			dependencies = (
				7E2688C52582F2B3002751B3 /* PBXTargetDependency */,
			);
			name = ComakershipsAppUITests;
			productName = ComakershipsAppUITests;
			productReference = 7E2688C32582F2B3002751B3 /* ComakershipsAppUITests.xctest */;
			productType = "com.apple.product-type.bundle.ui-testing";
		};
/* End PBXNativeTarget section */

/* Begin PBXProject section */
		7E26889F2582F2B2002751B3 /* Project object */ = {
			isa = PBXProject;
			attributes = {
				LastSwiftUpdateCheck = 1220;
				LastUpgradeCheck = 1220;
				TargetAttributes = {
					7E2688A62582F2B2002751B3 = {
						CreatedOnToolsVersion = 12.2;
					};
					7E2688B72582F2B3002751B3 = {
						CreatedOnToolsVersion = 12.2;
						TestTargetID = 7E2688A62582F2B2002751B3;
					};
					7E2688C22582F2B3002751B3 = {
						CreatedOnToolsVersion = 12.2;
						TestTargetID = 7E2688A62582F2B2002751B3;
					};
				};
			};
			buildConfigurationList = 7E2688A22582F2B2002751B3 /* Build configuration list for PBXProject "ComakershipsApp" */;
			compatibilityVersion = "Xcode 9.3";
			developmentRegion = en;
			hasScannedForEncodings = 0;
			knownRegions = (
				en,
				Base,
			);
			mainGroup = 7E26889E2582F2B2002751B3;
			productRefGroup = 7E2688A82582F2B2002751B3 /* Products */;
			projectDirPath = "";
			projectRoot = "";
			targets = (
				7E2688A62582F2B2002751B3 /* ComakershipsApp */,
				7E2688B72582F2B3002751B3 /* ComakershipsAppTests */,
				7E2688C22582F2B3002751B3 /* ComakershipsAppUITests */,
			);
		};
/* End PBXProject section */

/* Begin PBXResourcesBuildPhase section */
		7E2688A52582F2B2002751B3 /* Resources */ = {
			isa = PBXResourcesBuildPhase;
			buildActionMask = 2147483647;
			files = (
				7E2688B22582F2B3002751B3 /* Preview Assets.xcassets in Resources */,
				7E2688AF2582F2B3002751B3 /* Assets.xcassets in Resources */,
			);
			runOnlyForDeploymentPostprocessing = 0;
		};
		7E2688B62582F2B3002751B3 /* Resources */ = {
			isa = PBXResourcesBuildPhase;
			buildActionMask = 2147483647;
			files = (
			);
			runOnlyForDeploymentPostprocessing = 0;
		};
		7E2688C12582F2B3002751B3 /* Resources */ = {
			isa = PBXResourcesBuildPhase;
			buildActionMask = 2147483647;
			files = (
			);
			runOnlyForDeploymentPostprocessing = 0;
		};
/* End PBXResourcesBuildPhase section */

/* Begin PBXSourcesBuildPhase section */
		7E2688A32582F2B2002751B3 /* Sources */ = {
			isa = PBXSourcesBuildPhase;
			buildActionMask = 2147483647;
			files = (
				7E2688AD2582F2B2002751B3 /* ContentView.swift in Sources */,
				7E2688AB2582F2B2002751B3 /* ComakershipsAppApp.swift in Sources */,
			);
			runOnlyForDeploymentPostprocessing = 0;
		};
		7E2688B42582F2B3002751B3 /* Sources */ = {
			isa = PBXSourcesBuildPhase;
			buildActionMask = 2147483647;
			files = (
				7E2688BD2582F2B3002751B3 /* ComakershipsAppTests.swift in Sources */,
			);
			runOnlyForDeploymentPostprocessing = 0;
		};
		7E2688BF2582F2B3002751B3 /* Sources */ = {
			isa = PBXSourcesBuildPhase;
			buildActionMask = 2147483647;
			files = (
				7E2688C82582F2B3002751B3 /* ComakershipsAppUITests.swift in Sources */,
			);
			runOnlyForDeploymentPostprocessing = 0;
		};
/* End PBXSourcesBuildPhase section */

/* Begin PBXTargetDependency section */
		7E2688BA2582F2B3002751B3 /* PBXTargetDependency */ = {
			isa = PBXTargetDependency;
			target = 7E2688A62582F2B2002751B3 /* ComakershipsApp */;
			targetProxy = 7E2688B92582F2B3002751B3 /* PBXContainerItemProxy */;
		};
		7E2688C52582F2B3002751B3 /* PBXTargetDependency */ = {
			isa = PBXTargetDependency;
			target = 7E2688A62582F2B2002751B3 /* ComakershipsApp */;
			targetProxy = 7E2688C42582F2B3002751B3 /* PBXContainerItemProxy */;
		};
/* End PBXTargetDependency section */

/* Begin XCBuildConfiguration section */
		7E2688CA2582F2B3002751B3 /* Debug */ = {
			isa = XCBuildConfiguration;
			buildSettings = {
				ALWAYS_SEARCH_USER_PATHS = NO;
				CLANG_ANALYZER_NONNULL = YES;
				CLANG_ANALYZER_NUMBER_OBJECT_CONVERSION = YES_AGGRESSIVE;
				CLANG_CXX_LANGUAGE_STANDARD = "gnu++14";
				CLANG_CXX_LIBRARY = "libc++";
				CLANG_ENABLE_MODULES = YES;
				CLANG_ENABLE_OBJC_ARC = YES;
				CLANG_ENABLE_OBJC_WEAK = YES;
				CLANG_WARN_BLOCK_CAPTURE_AUTORELEASING = YES;
				CLANG_WARN_BOOL_CONVERSION = YES;
				CLANG_WARN_COMMA = YES;
				CLANG_WARN_CONSTANT_CONVERSION = YES;
				CLANG_WARN_DEPRECATED_OBJC_IMPLEMENTATIONS = YES;
				CLANG_WARN_DIRECT_OBJC_ISA_USAGE = YES_ERROR;
				CLANG_WARN_DOCUMENTATION_COMMENTS = YES;
				CLANG_WARN_EMPTY_BODY = YES;
				CLANG_WARN_ENUM_CONVERSION = YES;
				CLANG_WARN_INFINITE_RECURSION = YES;
				CLANG_WARN_INT_CONVERSION = YES;
				CLANG_WARN_NON_LITERAL_NULL_CONVERSION = YES;
				CLANG_WARN_OBJC_IMPLICIT_RETAIN_SELF = YES;
				CLANG_WARN_OBJC_LITERAL_CONVERSION = YES;
				CLANG_WARN_OBJC_ROOT_CLASS = YES_ERROR;
				CLANG_WARN_QUOTED_INCLUDE_IN_FRAMEWORK_HEADER = YES;
				CLANG_WARN_RANGE_LOOP_ANALYSIS = YES;
				CLANG_WARN_STRICT_PROTOTYPES = YES;
				CLANG_WARN_SUSPICIOUS_MOVE = YES;
				CLANG_WARN_UNGUARDED_AVAILABILITY = YES_AGGRESSIVE;
				CLANG_WARN_UNREACHABLE_CODE = YES;
				CLANG_WARN__DUPLICATE_METHOD_MATCH = YES;
				COPY_PHASE_STRIP = NO;
				DEBUG_INFORMATION_FORMAT = dwarf;
				ENABLE_STRICT_OBJC_MSGSEND = YES;
				ENABLE_TESTABILITY = YES;
				GCC_C_LANGUAGE_STANDARD = gnu11;
				GCC_DYNAMIC_NO_PIC = NO;
				GCC_NO_COMMON_BLOCKS = YES;
				GCC_OPTIMIZATION_LEVEL = 0;
				GCC_PREPROCESSOR_DEFINITIONS = (
					"DEBUG=1",
					"$(inherited)",
				);
				GCC_WARN_64_TO_32_BIT_CONVERSION = YES;
				GCC_WARN_ABOUT_RETURN_TYPE = YES_ERROR;
				GCC_WARN_UNDECLARED_SELECTOR = YES;
				GCC_WARN_UNINITIALIZED_AUTOS = YES_AGGRESSIVE;
				GCC_WARN_UNUSED_FUNCTION = YES;
				GCC_WARN_UNUSED_VARIABLE = YES;
				IPHONEOS_DEPLOYMENT_TARGET = 14.2;
				MTL_ENABLE_DEBUG_INFO = INCLUDE_SOURCE;
				MTL_FAST_MATH = YES;
				ONLY_ACTIVE_ARCH = YES;
				SDKROOT = iphoneos;
				SWIFT_ACTIVE_COMPILATION_CONDITIONS = DEBUG;
				SWIFT_OPTIMIZATION_LEVEL = "-Onone";
			};
			name = Debug;
		};
		7E2688CB2582F2B3002751B3 /* Release */ = {
			isa = XCBuildConfiguration;
			buildSettings = {
				ALWAYS_SEARCH_USER_PATHS = NO;
				CLANG_ANALYZER_NONNULL = YES;
				CLANG_ANALYZER_NUMBER_OBJECT_CONVERSION = YES_AGGRESSIVE;
				CLANG_CXX_LANGUAGE_STANDARD = "gnu++14";
				CLANG_CXX_LIBRARY = "libc++";
				CLANG_ENABLE_MODULES = YES;
				CLANG_ENABLE_OBJC_ARC = YES;
				CLANG_ENABLE_OBJC_WEAK = YES;
				CLANG_WARN_BLOCK_CAPTURE_AUTORELEASING = YES;
				CLANG_WARN_BOOL_CONVERSION = YES;
				CLANG_WARN_COMMA = YES;
				CLANG_WARN_CONSTANT_CONVERSION = YES;
				CLANG_WARN_DEPRECATED_OBJC_IMPLEMENTATIONS = YES;
				CLANG_WARN_DIRECT_OBJC_ISA_USAGE = YES_ERROR;
				CLANG_WARN_DOCUMENTATION_COMMENTS = YES;
				CLANG_WARN_EMPTY_BODY = YES;
				CLANG_WARN_ENUM_CONVERSION = YES;
				CLANG_WARN_INFINITE_RECURSION = YES;
				CLANG_WARN_INT_CONVERSION = YES;
				CLANG_WARN_NON_LITERAL_NULL_CONVERSION = YES;
				CLANG_WARN_OBJC_IMPLICIT_RETAIN_SELF = YES;
				CLANG_WARN_OBJC_LITERAL_CONVERSION = YES;
				CLANG_WARN_OBJC_ROOT_CLASS = YES_ERROR;
				CLANG_WARN_QUOTED_INCLUDE_IN_FRAMEWORK_HEADER = YES;
				CLANG_WARN_RANGE_LOOP_ANALYSIS = YES;
				CLANG_WARN_STRICT_PROTOTYPES = YES;
				CLANG_WARN_SUSPICIOUS_MOVE = YES;
				CLANG_WARN_UNGUARDED_AVAILABILITY = YES_AGGRESSIVE;
				CLANG_WARN_UNREACHABLE_CODE = YES;
				CLANG_WARN__DUPLICATE_METHOD_MATCH = YES;
				COPY_PHASE_STRIP = NO;
				DEBUG_INFORMATION_FORMAT = "dwarf-with-dsym";
				ENABLE_NS_ASSERTIONS = NO;
				ENABLE_STRICT_OBJC_MSGSEND = YES;
				GCC_C_LANGUAGE_STANDARD = gnu11;
				GCC_NO_COMMON_BLOCKS = YES;
				GCC_WARN_64_TO_32_BIT_CONVERSION = YES;
				GCC_WARN_ABOUT_RETURN_TYPE = YES_ERROR;
				GCC_WARN_UNDECLARED_SELECTOR = YES;
				GCC_WARN_UNINITIALIZED_AUTOS = YES_AGGRESSIVE;
				GCC_WARN_UNUSED_FUNCTION = YES;
				GCC_WARN_UNUSED_VARIABLE = YES;
				IPHONEOS_DEPLOYMENT_TARGET = 14.2;
				MTL_ENABLE_DEBUG_INFO = NO;
				MTL_FAST_MATH = YES;
				SDKROOT = iphoneos;
				SWIFT_COMPILATION_MODE = wholemodule;
				SWIFT_OPTIMIZATION_LEVEL = "-O";
				VALIDATE_PRODUCT = YES;
			};
			name = Release;
		};
		7E2688CD2582F2B3002751B3 /* Debug */ = {
			isa = XCBuildConfiguration;
			buildSettings = {
				ASSETCATALOG_COMPILER_APPICON_NAME = AppIcon;
				ASSETCATALOG_COMPILER_GLOBAL_ACCENT_COLOR_NAME = AccentColor;
				CODE_SIGN_STYLE = Automatic;
				DEVELOPMENT_ASSET_PATHS = "\"ComakershipsApp/Preview Content\"";
				DEVELOPMENT_TEAM = SH7Z5Y3CXA;
				ENABLE_PREVIEWS = YES;
				INFOPLIST_FILE = ComakershipsApp/Info.plist;
				IPHONEOS_DEPLOYMENT_TARGET = 14.0;
				LD_RUNPATH_SEARCH_PATHS = (
					"$(inherited)",
					"@executable_path/Frameworks",
				);
				PRODUCT_BUNDLE_IDENTIFIER = Hossam.ComakershipsApp;
				PRODUCT_NAME = "$(TARGET_NAME)";
				SWIFT_VERSION = 5.0;
				TARGETED_DEVICE_FAMILY = "1,2";
			};
			name = Debug;
		};
		7E2688CE2582F2B3002751B3 /* Release */ = {
			isa = XCBuildConfiguration;
			buildSettings = {
				ASSETCATALOG_COMPILER_APPICON_NAME = AppIcon;
				ASSETCATALOG_COMPILER_GLOBAL_ACCENT_COLOR_NAME = AccentColor;
				CODE_SIGN_STYLE = Automatic;
				DEVELOPMENT_ASSET_PATHS = "\"ComakershipsApp/Preview Content\"";
				DEVELOPMENT_TEAM = SH7Z5Y3CXA;
				ENABLE_PREVIEWS = YES;
				INFOPLIST_FILE = ComakershipsApp/Info.plist;
				IPHONEOS_DEPLOYMENT_TARGET = 14.0;
				LD_RUNPATH_SEARCH_PATHS = (
					"$(inherited)",
					"@executable_path/Frameworks",
				);
				PRODUCT_BUNDLE_IDENTIFIER = Hossam.ComakershipsApp;
				PRODUCT_NAME = "$(TARGET_NAME)";
				SWIFT_VERSION = 5.0;
				TARGETED_DEVICE_FAMILY = "1,2";
			};
			name = Release;
		};
		7E2688D02582F2B3002751B3 /* Debug */ = {
			isa = XCBuildConfiguration;
			buildSettings = {
				ALWAYS_EMBED_SWIFT_STANDARD_LIBRARIES = YES;
				BUNDLE_LOADER = "$(TEST_HOST)";
				CODE_SIGN_STYLE = Automatic;
				DEVELOPMENT_TEAM = SH7Z5Y3CXA;
				INFOPLIST_FILE = ComakershipsAppTests/Info.plist;
				IPHONEOS_DEPLOYMENT_TARGET = 14.0;
				LD_RUNPATH_SEARCH_PATHS = (
					"$(inherited)",
					"@executable_path/Frameworks",
					"@loader_path/Frameworks",
				);
				PRODUCT_BUNDLE_IDENTIFIER = Hossam.ComakershipsAppTests;
				PRODUCT_NAME = "$(TARGET_NAME)";
				SWIFT_VERSION = 5.0;
				TARGETED_DEVICE_FAMILY = "1,2";
				TEST_HOST = "$(BUILT_PRODUCTS_DIR)/ComakershipsApp.app/ComakershipsApp";
			};
			name = Debug;
		};
		7E2688D12582F2B3002751B3 /* Release */ = {
			isa = XCBuildConfiguration;
			buildSettings = {
				ALWAYS_EMBED_SWIFT_STANDARD_LIBRARIES = YES;
				BUNDLE_LOADER = "$(TEST_HOST)";
				CODE_SIGN_STYLE = Automatic;
				DEVELOPMENT_TEAM = SH7Z5Y3CXA;
				INFOPLIST_FILE = ComakershipsAppTests/Info.plist;
				IPHONEOS_DEPLOYMENT_TARGET = 14.0;
				LD_RUNPATH_SEARCH_PATHS = (
					"$(inherited)",
					"@executable_path/Frameworks",
					"@loader_path/Frameworks",
				);
				PRODUCT_BUNDLE_IDENTIFIER = Hossam.ComakershipsAppTests;
				PRODUCT_NAME = "$(TARGET_NAME)";
				SWIFT_VERSION = 5.0;
				TARGETED_DEVICE_FAMILY = "1,2";
				TEST_HOST = "$(BUILT_PRODUCTS_DIR)/ComakershipsApp.app/ComakershipsApp";
			};
			name = Release;
		};
		7E2688D32582F2B3002751B3 /* Debug */ = {
			isa = XCBuildConfiguration;
			buildSettings = {
				ALWAYS_EMBED_SWIFT_STANDARD_LIBRARIES = YES;
				CODE_SIGN_STYLE = Automatic;
				DEVELOPMENT_TEAM = SH7Z5Y3CXA;
				INFOPLIST_FILE = ComakershipsAppUITests/Info.plist;
				LD_RUNPATH_SEARCH_PATHS = (
					"$(inherited)",
					"@executable_path/Frameworks",
					"@loader_path/Frameworks",
				);
				PRODUCT_BUNDLE_IDENTIFIER = Hossam.ComakershipsAppUITests;
				PRODUCT_NAME = "$(TARGET_NAME)";
				SWIFT_VERSION = 5.0;
				TARGETED_DEVICE_FAMILY = "1,2";
				TEST_TARGET_NAME = ComakershipsApp;
			};
			name = Debug;
		};
		7E2688D42582F2B3002751B3 /* Release */ = {
			isa = XCBuildConfiguration;
			buildSettings = {
				ALWAYS_EMBED_SWIFT_STANDARD_LIBRARIES = YES;
				CODE_SIGN_STYLE = Automatic;
				DEVELOPMENT_TEAM = SH7Z5Y3CXA;
				INFOPLIST_FILE = ComakershipsAppUITests/Info.plist;
				LD_RUNPATH_SEARCH_PATHS = (
					"$(inherited)",
					"@executable_path/Frameworks",
					"@loader_path/Frameworks",
				);
				PRODUCT_BUNDLE_IDENTIFIER = Hossam.ComakershipsAppUITests;
				PRODUCT_NAME = "$(TARGET_NAME)";
				SWIFT_VERSION = 5.0;
				TARGETED_DEVICE_FAMILY = "1,2";
				TEST_TARGET_NAME = ComakershipsApp;
			};
			name = Release;
		};
/* End XCBuildConfiguration section */

/* Begin XCConfigurationList section */
		7E2688A22582F2B2002751B3 /* Build configuration list for PBXProject "ComakershipsApp" */ = {
			isa = XCConfigurationList;
			buildConfigurations = (
				7E2688CA2582F2B3002751B3 /* Debug */,
				7E2688CB2582F2B3002751B3 /* Release */,
			);
			defaultConfigurationIsVisible = 0;
			defaultConfigurationName = Release;
		};
		7E2688CC2582F2B3002751B3 /* Build configuration list for PBXNativeTarget "ComakershipsApp" */ = {
			isa = XCConfigurationList;
			buildConfigurations = (
				7E2688CD2582F2B3002751B3 /* Debug */,
				7E2688CE2582F2B3002751B3 /* Release */,
			);
			defaultConfigurationIsVisible = 0;
			defaultConfigurationName = Release;
		};
		7E2688CF2582F2B3002751B3 /* Build configuration list for PBXNativeTarget "ComakershipsAppTests" */ = {
			isa = XCConfigurationList;
			buildConfigurations = (
				7E2688D02582F2B3002751B3 /* Debug */,
				7E2688D12582F2B3002751B3 /* Release */,
			);
			defaultConfigurationIsVisible = 0;
			defaultConfigurationName = Release;
		};
		7E2688D22582F2B3002751B3 /* Build configuration list for PBXNativeTarget "ComakershipsAppUITests" */ = {
			isa = XCConfigurationList;
			buildConfigurations = (
				7E2688D32582F2B3002751B3 /* Debug */,
				7E2688D42582F2B3002751B3 /* Release */,
			);
			defaultConfigurationIsVisible = 0;
			defaultConfigurationName = Release;
		};
/* End XCConfigurationList section */
	};
	rootObject = 7E26889F2582F2B2002751B3 /* Project object */;
}
